
Microsoft Visual Studio Solution File, Format Version 12.00
# Visual Studio 14
VisualStudioVersion = 14.0.25123.0
MinimumVisualStudioVersion = 10.0.40219.1
Project("{8BC9CEB8-8B4A-11D0-8D11-00A0C91BC942}") = "01_Triangle", "01_Triangle\LearnOpenGL.vcxproj", "{5827D486-8188-4F63-B9EB-938BFDF6E48A}"
EndProject
Project("{8BC9CEB8-8B4A-11D0-8D11-00A0C91BC942}") = "02_Textures", "02_Textures\Textures.vcxproj", "{6507DB5D-03F3-4C23-9861-3AB644C20F3E}"
EndProject
Project("{8BC9CEB8-8B4A-11D0-8D11-00A0C91BC942}") = "03_Transformation", "03_Transformation\Transformation.vcxproj", "{EE00905E-BCEB-4104-93FD-B7930CC853EF}"
EndProject
Project("{8BC9CEB8-8B4A-11D0-8D11-00A0C91BC942}") = "04_Coordinate", "04_Coordinate\04_Coordinate.vcxproj", "{D3F68C1A-E19B-48B9-9763-BACBA363A236}"
EndProject
Project("{8BC9CEB8-8B4A-11D0-8D11-00A0C91BC942}") = "05_Camera", "05_Camera\05_Camera.vcxproj", "{DF635177-779F-4071-B9BD-450AC328A654}"
EndProject
Project("{8BC9CEB8-8B4A-11D0-8D11-00A0C91BC942}") = "06_Color", "06_Color\06_Color.vcxproj", "{360CBF03-F506-456A-B59F-A8F8BBE65E62}"
EndProject
Project("{8BC9CEB8-8B4A-11D0-8D11-00A0C91BC942}") = "07_Lighting", "07_Lighting\07_Lighting.vcxproj", "{301450C1-14BC-4B5E-998F-7A8C5B05D358}"
EndProject
Project("{8BC9CEB8-8B4A-11D0-8D11-00A0C91BC942}") = "08_MultiLighting", "08_MultiLighting\08_MultiLighting.vcxproj", "{5D5DF3D7-D179-4275-BA92-9F202DCEF01E}"
EndProject
Project("{8BC9CEB8-8B4A-11D0-8D11-00A0C91BC942}") = "09_Model", "09_Model\09_Model.vcxproj", "{8535AB13-5C01-47B1-896E-110B8CE22684}"
EndProject
Project("{8BC9CEB8-8B4A-11D0-8D11-00A0C91BC942}") = "00_Random", "00_Random\00_Random.vcxproj", "{FA00C730-D17B-478E-BDB4-BD3EFF97CEB7}"
EndProject
Project("{8BC9CEB8-8B4A-11D0-8D11-00A0C91BC942}") = "10_Blending", "10_Blending\10_Blending.vcxproj", "{EACCC2A7-5976-4A51-B499-06EE40498F76}"
EndProject
Project("{8BC9CEB8-8B4A-11D0-8D11-00A0C91BC942}") = "11_Skybox", "11_Skybox\11_Skybox.vcxproj", "{021BDE8C-3581-444E-BB7E-6F06C897B0D7}"
EndProject
Project("{8BC9CEB8-8B4A-11D0-8D11-00A0C91BC942}") = "12_GShader", "12_GShader\12_GShader.vcxproj", "{A69B59AC-8147-4011-A07F-3C84AFF21420}"
EndProject
Project("{8BC9CEB8-8B4A-11D0-8D11-00A0C91BC942}") = "13_Instancing", "13_Instancing\13_Instancing.vcxproj", "{5B9EE9D4-7B0D-4D23-A0E7-D5C510A2D76A}"
EndProject
Project("{8BC9CEB8-8B4A-11D0-8D11-00A0C91BC942}") = "14_Phong", "14_Phong\14_Phong.vcxproj", "{7E5ECCA4-C0EB-4E81-A68F-DFFBD77C0957}"
EndProject
Project("{8BC9CEB8-8B4A-11D0-8D11-00A0C91BC942}") = "15_Shadow", "15_Shadow\15_Shadow.vcxproj", "{2135B5BD-34E6-45B8-960E-F05C2431A05E}"
EndProject
Project("{8BC9CEB8-8B4A-11D0-8D11-00A0C91BC942}") = "16_NMapping", "16_NMapping\16_NMapping.vcxproj", "{D7442839-0FB4-4656-A87C-D40CCC5472CE}"
EndProject
Project("{8BC9CEB8-8B4A-11D0-8D11-00A0C91BC942}") = "17_HDR", "17_HDR\17_HDR.vcxproj", "{DA38CA23-7055-45A5-83F0-39682D8BE0A3}"
EndProject
Project("{8BC9CEB8-8B4A-11D0-8D11-00A0C91BC942}") = "18_Deferred", "18_Deferred\18_Deferred.vcxproj", "{8A2A36D7-55F9-4E53-A6F4-FF513617143E}"
EndProject
Project("{8BC9CEB8-8B4A-11D0-8D11-00A0C91BC942}") = "19_SSAO", "19_SSAO\19_SSAO.vcxproj", "{0BE56F0A-F81F-43EB-861B-F5ECFC1F92E9}"
EndProject
Global
	GlobalSection(SolutionConfigurationPlatforms) = preSolution
		Debug|x64 = Debug|x64
		Debug|x86 = Debug|x86
		Release|x64 = Release|x64
		Release|x86 = Release|x86
	EndGlobalSection
	GlobalSection(ProjectConfigurationPlatforms) = postSolution
		{5827D486-8188-4F63-B9EB-938BFDF6E48A}.Debug|x64.ActiveCfg = Debug|x64
		{5827D486-8188-4F63-B9EB-938BFDF6E48A}.Debug|x64.Build.0 = Debug|x64
		{5827D486-8188-4F63-B9EB-938BFDF6E48A}.Debug|x86.ActiveCfg = Debug|Win32
		{5827D486-8188-4F63-B9EB-938BFDF6E48A}.Debug|x86.Build.0 = Debug|Win32
		{5827D486-8188-4F63-B9EB-938BFDF6E48A}.Release|x64.ActiveCfg = Release|x64
		{5827D486-8188-4F63-B9EB-938BFDF6E48A}.Release|x64.Build.0 = Release|x64
		{5827D486-8188-4F63-B9EB-938BFDF6E48A}.Release|x86.ActiveCfg = Release|Win32
		{5827D486-8188-4F63-B9EB-938BFDF6E48A}.Release|x86.Build.0 = Release|Win32
		{6507DB5D-03F3-4C23-9861-3AB644C20F3E}.Debug|x64.ActiveCfg = Debug|x64
		{6507DB5D-03F3-4C23-9861-3AB644C20F3E}.Debug|x64.Build.0 = Debug|x64
		{6507DB5D-03F3-4C23-9861-3AB644C20F3E}.Debug|x86.ActiveCfg = Debug|Win32
		{6507DB5D-03F3-4C23-9861-3AB644C20F3E}.Debug|x86.Build.0 = Debug|Win32
		{6507DB5D-03F3-4C23-9861-3AB644C20F3E}.Release|x64.ActiveCfg = Release|x64
		{6507DB5D-03F3-4C23-9861-3AB644C20F3E}.Release|x64.Build.0 = Release|x64
		{6507DB5D-03F3-4C23-9861-3AB644C20F3E}.Release|x86.ActiveCfg = Release|Win32
		{6507DB5D-03F3-4C23-9861-3AB644C20F3E}.Release|x86.Build.0 = Release|Win32
		{EE00905E-BCEB-4104-93FD-B7930CC853EF}.Debug|x64.ActiveCfg = Debug|x64
		{EE00905E-BCEB-4104-93FD-B7930CC853EF}.Debug|x64.Build.0 = Debug|x64
		{EE00905E-BCEB-4104-93FD-B7930CC853EF}.Debug|x86.ActiveCfg = Debug|Win32
		{EE00905E-BCEB-4104-93FD-B7930CC853EF}.Debug|x86.Build.0 = Debug|Win32
		{EE00905E-BCEB-4104-93FD-B7930CC853EF}.Release|x64.ActiveCfg = Release|x64
		{EE00905E-BCEB-4104-93FD-B7930CC853EF}.Release|x64.Build.0 = Release|x64
		{EE00905E-BCEB-4104-93FD-B7930CC853EF}.Release|x86.ActiveCfg = Release|Win32
		{EE00905E-BCEB-4104-93FD-B7930CC853EF}.Release|x86.Build.0 = Release|Win32
		{D3F68C1A-E19B-48B9-9763-BACBA363A236}.Debug|x64.ActiveCfg = Debug|x64
		{D3F68C1A-E19B-48B9-9763-BACBA363A236}.Debug|x64.Build.0 = Debug|x64
		{D3F68C1A-E19B-48B9-9763-BACBA363A236}.Debug|x86.ActiveCfg = Debug|Win32
		{D3F68C1A-E19B-48B9-9763-BACBA363A236}.Debug|x86.Build.0 = Debug|Win32
		{D3F68C1A-E19B-48B9-9763-BACBA363A236}.Release|x64.ActiveCfg = Release|x64
		{D3F68C1A-E19B-48B9-9763-BACBA363A236}.Release|x64.Build.0 = Release|x64
		{D3F68C1A-E19B-48B9-9763-BACBA363A236}.Release|x86.ActiveCfg = Release|Win32
		{D3F68C1A-E19B-48B9-9763-BACBA363A236}.Release|x86.Build.0 = Release|Win32
		{DF635177-779F-4071-B9BD-450AC328A654}.Debug|x64.ActiveCfg = Debug|x64
		{DF635177-779F-4071-B9BD-450AC328A654}.Debug|x64.Build.0 = Debug|x64
		{DF635177-779F-4071-B9BD-450AC328A654}.Debug|x86.ActiveCfg = Debug|Win32
		{DF635177-779F-4071-B9BD-450AC328A654}.Debug|x86.Build.0 = Debug|Win32
		{DF635177-779F-4071-B9BD-450AC328A654}.Release|x64.ActiveCfg = Release|x64
		{DF635177-779F-4071-B9BD-450AC328A654}.Release|x64.Build.0 = Release|x64
		{DF635177-779F-4071-B9BD-450AC328A654}.Release|x86.ActiveCfg = Release|Win32
		{DF635177-779F-4071-B9BD-450AC328A654}.Release|x86.Build.0 = Release|Win32
		{360CBF03-F506-456A-B59F-A8F8BBE65E62}.Debug|x64.ActiveCfg = Debug|x64
		{360CBF03-F506-456A-B59F-A8F8BBE65E62}.Debug|x64.Build.0 = Debug|x64
		{360CBF03-F506-456A-B59F-A8F8BBE65E62}.Debug|x86.ActiveCfg = Debug|Win32
		{360CBF03-F506-456A-B59F-A8F8BBE65E62}.Debug|x86.Build.0 = Debug|Win32
		{360CBF03-F506-456A-B59F-A8F8BBE65E62}.Release|x64.ActiveCfg = Release|x64
		{360CBF03-F506-456A-B59F-A8F8BBE65E62}.Release|x64.Build.0 = Release|x64
		{360CBF03-F506-456A-B59F-A8F8BBE65E62}.Release|x86.ActiveCfg = Release|Win32
		{360CBF03-F506-456A-B59F-A8F8BBE65E62}.Release|x86.Build.0 = Release|Win32
		{301450C1-14BC-4B5E-998F-7A8C5B05D358}.Debug|x64.ActiveCfg = Debug|x64
		{301450C1-14BC-4B5E-998F-7A8C5B05D358}.Debug|x64.Build.0 = Debug|x64
		{301450C1-14BC-4B5E-998F-7A8C5B05D358}.Debug|x86.ActiveCfg = Debug|Win32
		{301450C1-14BC-4B5E-998F-7A8C5B05D358}.Debug|x86.Build.0 = Debug|Win32
		{301450C1-14BC-4B5E-998F-7A8C5B05D358}.Release|x64.ActiveCfg = Release|x64
		{301450C1-14BC-4B5E-998F-7A8C5B05D358}.Release|x64.Build.0 = Release|x64
		{301450C1-14BC-4B5E-998F-7A8C5B05D358}.Release|x86.ActiveCfg = Release|Win32
		{301450C1-14BC-4B5E-998F-7A8C5B05D358}.Release|x86.Build.0 = Release|Win32
		{5D5DF3D7-D179-4275-BA92-9F202DCEF01E}.Debug|x64.ActiveCfg = Debug|x64
		{5D5DF3D7-D179-4275-BA92-9F202DCEF01E}.Debug|x64.Build.0 = Debug|x64
		{5D5DF3D7-D179-4275-BA92-9F202DCEF01E}.Debug|x86.ActiveCfg = Debug|Win32
		{5D5DF3D7-D179-4275-BA92-9F202DCEF01E}.Debug|x86.Build.0 = Debug|Win32
		{5D5DF3D7-D179-4275-BA92-9F202DCEF01E}.Release|x64.ActiveCfg = Release|x64
		{5D5DF3D7-D179-4275-BA92-9F202DCEF01E}.Release|x64.Build.0 = Release|x64
		{5D5DF3D7-D179-4275-BA92-9F202DCEF01E}.Release|x86.ActiveCfg = Release|Win32
		{5D5DF3D7-D179-4275-BA92-9F202DCEF01E}.Release|x86.Build.0 = Release|Win32
		{8535AB13-5C01-47B1-896E-110B8CE22684}.Debug|x64.ActiveCfg = Debug|x64
		{8535AB13-5C01-47B1-896E-110B8CE22684}.Debug|x64.Build.0 = Debug|x64
		{8535AB13-5C01-47B1-896E-110B8CE22684}.Debug|x86.ActiveCfg = Debug|Win32
		{8535AB13-5C01-47B1-896E-110B8CE22684}.Debug|x86.Build.0 = Debug|Win32
		{8535AB13-5C01-47B1-896E-110B8CE22684}.Release|x64.ActiveCfg = Release|x64
		{8535AB13-5C01-47B1-896E-110B8CE22684}.Release|x64.Build.0 = Release|x64
		{8535AB13-5C01-47B1-896E-110B8CE22684}.Release|x86.ActiveCfg = Release|Win32
		{8535AB13-5C01-47B1-896E-110B8CE22684}.Release|x86.Build.0 = Release|Win32
		{FA00C730-D17B-478E-BDB4-BD3EFF97CEB7}.Debug|x64.ActiveCfg = Debug|x64
		{FA00C730-D17B-478E-BDB4-BD3EFF97CEB7}.Debug|x64.Build.0 = Debug|x64
		{FA00C730-D17B-478E-BDB4-BD3EFF97CEB7}.Debug|x86.ActiveCfg = Debug|Win32
		{FA00C730-D17B-478E-BDB4-BD3EFF97CEB7}.Debug|x86.Build.0 = Debug|Win32
		{FA00C730-D17B-478E-BDB4-BD3EFF97CEB7}.Release|x64.ActiveCfg = Release|x64
		{FA00C730-D17B-478E-BDB4-BD3EFF97CEB7}.Release|x64.Build.0 = Release|x64
		{FA00C730-D17B-478E-BDB4-BD3EFF97CEB7}.Release|x86.ActiveCfg = Release|Win32
		{FA00C730-D17B-478E-BDB4-BD3EFF97CEB7}.Release|x86.Build.0 = Release|Win32
		{EACCC2A7-5976-4A51-B499-06EE40498F76}.Debug|x64.ActiveCfg = Debug|x64
		{EACCC2A7-5976-4A51-B499-06EE40498F76}.Debug|x64.Build.0 = Debug|x64
		{EACCC2A7-5976-4A51-B499-06EE40498F76}.Debug|x86.ActiveCfg = Debug|Win32
		{EACCC2A7-5976-4A51-B499-06EE40498F76}.Debug|x86.Build.0 = Debug|Win32
		{EACCC2A7-5976-4A51-B499-06EE40498F76}.Release|x64.ActiveCfg = Release|x64
		{EACCC2A7-5976-4A51-B499-06EE40498F76}.Release|x64.Build.0 = Release|x64
		{EACCC2A7-5976-4A51-B499-06EE40498F76}.Release|x86.ActiveCfg = Release|Win32
		{EACCC2A7-5976-4A51-B499-06EE40498F76}.Release|x86.Build.0 = Release|Win32
		{021BDE8C-3581-444E-BB7E-6F06C897B0D7}.Debug|x64.ActiveCfg = Debug|x64
		{021BDE8C-3581-444E-BB7E-6F06C897B0D7}.Debug|x64.Build.0 = Debug|x64
		{021BDE8C-3581-444E-BB7E-6F06C897B0D7}.Debug|x86.ActiveCfg = Debug|Win32
		{021BDE8C-3581-444E-BB7E-6F06C897B0D7}.Debug|x86.Build.0 = Debug|Win32
		{021BDE8C-3581-444E-BB7E-6F06C897B0D7}.Release|x64.ActiveCfg = Release|x64
		{021BDE8C-3581-444E-BB7E-6F06C897B0D7}.Release|x64.Build.0 = Release|x64
		{021BDE8C-3581-444E-BB7E-6F06C897B0D7}.Release|x86.ActiveCfg = Release|Win32
		{021BDE8C-3581-444E-BB7E-6F06C897B0D7}.Release|x86.Build.0 = Release|Win32
		{A69B59AC-8147-4011-A07F-3C84AFF21420}.Debug|x64.ActiveCfg = Debug|x64
		{A69B59AC-8147-4011-A07F-3C84AFF21420}.Debug|x64.Build.0 = Debug|x64
		{A69B59AC-8147-4011-A07F-3C84AFF21420}.Debug|x86.ActiveCfg = Debug|Win32
		{A69B59AC-8147-4011-A07F-3C84AFF21420}.Debug|x86.Build.0 = Debug|Win32
		{A69B59AC-8147-4011-A07F-3C84AFF21420}.Release|x64.ActiveCfg = Release|x64
		{A69B59AC-8147-4011-A07F-3C84AFF21420}.Release|x64.Build.0 = Release|x64
		{A69B59AC-8147-4011-A07F-3C84AFF21420}.Release|x86.ActiveCfg = Release|Win32
		{A69B59AC-8147-4011-A07F-3C84AFF21420}.Release|x86.Build.0 = Release|Win32
		{5B9EE9D4-7B0D-4D23-A0E7-D5C510A2D76A}.Debug|x64.ActiveCfg = Debug|x64
		{5B9EE9D4-7B0D-4D23-A0E7-D5C510A2D76A}.Debug|x64.Build.0 = Debug|x64
		{5B9EE9D4-7B0D-4D23-A0E7-D5C510A2D76A}.Debug|x86.ActiveCfg = Debug|Win32
		{5B9EE9D4-7B0D-4D23-A0E7-D5C510A2D76A}.Debug|x86.Build.0 = Debug|Win32
		{5B9EE9D4-7B0D-4D23-A0E7-D5C510A2D76A}.Release|x64.ActiveCfg = Release|x64
		{5B9EE9D4-7B0D-4D23-A0E7-D5C510A2D76A}.Release|x64.Build.0 = Release|x64
		{5B9EE9D4-7B0D-4D23-A0E7-D5C510A2D76A}.Release|x86.ActiveCfg = Release|Win32
		{5B9EE9D4-7B0D-4D23-A0E7-D5C510A2D76A}.Release|x86.Build.0 = Release|Win32
		{7E5ECCA4-C0EB-4E81-A68F-DFFBD77C0957}.Debug|x64.ActiveCfg = Debug|x64
		{7E5ECCA4-C0EB-4E81-A68F-DFFBD77C0957}.Debug|x64.Build.0 = Debug|x64
		{7E5ECCA4-C0EB-4E81-A68F-DFFBD77C0957}.Debug|x86.ActiveCfg = Debug|Win32
		{7E5ECCA4-C0EB-4E81-A68F-DFFBD77C0957}.Debug|x86.Build.0 = Debug|Win32
		{7E5ECCA4-C0EB-4E81-A68F-DFFBD77C0957}.Release|x64.ActiveCfg = Release|x64
		{7E5ECCA4-C0EB-4E81-A68F-DFFBD77C0957}.Release|x64.Build.0 = Release|x64
		{7E5ECCA4-C0EB-4E81-A68F-DFFBD77C0957}.Release|x86.ActiveCfg = Release|Win32
		{7E5ECCA4-C0EB-4E81-A68F-DFFBD77C0957}.Release|x86.Build.0 = Release|Win32
		{2135B5BD-34E6-45B8-960E-F05C2431A05E}.Debug|x64.ActiveCfg = Debug|x64
		{2135B5BD-34E6-45B8-960E-F05C2431A05E}.Debug|x64.Build.0 = Debug|x64
		{2135B5BD-34E6-45B8-960E-F05C2431A05E}.Debug|x86.ActiveCfg = Debug|Win32
		{2135B5BD-34E6-45B8-960E-F05C2431A05E}.Debug|x86.Build.0 = Debug|Win32
		{2135B5BD-34E6-45B8-960E-F05C2431A05E}.Release|x64.ActiveCfg = Release|x64
		{2135B5BD-34E6-45B8-960E-F05C2431A05E}.Release|x64.Build.0 = Release|x64
		{2135B5BD-34E6-45B8-960E-F05C2431A05E}.Release|x86.ActiveCfg = Release|Win32
		{2135B5BD-34E6-45B8-960E-F05C2431A05E}.Release|x86.Build.0 = Release|Win32
		{D7442839-0FB4-4656-A87C-D40CCC5472CE}.Debug|x64.ActiveCfg = Debug|x64
		{D7442839-0FB4-4656-A87C-D40CCC5472CE}.Debug|x64.Build.0 = Debug|x64
		{D7442839-0FB4-4656-A87C-D40CCC5472CE}.Debug|x86.ActiveCfg = Debug|Win32
		{D7442839-0FB4-4656-A87C-D40CCC5472CE}.Debug|x86.Build.0 = Debug|Win32
		{D7442839-0FB4-4656-A87C-D40CCC5472CE}.Release|x64.ActiveCfg = Release|x64
		{D7442839-0FB4-4656-A87C-D40CCC5472CE}.Release|x64.Build.0 = Release|x64
		{D7442839-0FB4-4656-A87C-D40CCC5472CE}.Release|x86.ActiveCfg = Release|Win32
		{D7442839-0FB4-4656-A87C-D40CCC5472CE}.Release|x86.Build.0 = Release|Win32
		{DA38CA23-7055-45A5-83F0-39682D8BE0A3}.Debug|x64.ActiveCfg = Debug|x64
		{DA38CA23-7055-45A5-83F0-39682D8BE0A3}.Debug|x64.Build.0 = Debug|x64
		{DA38CA23-7055-45A5-83F0-39682D8BE0A3}.Debug|x86.ActiveCfg = Debug|Win32
		{DA38CA23-7055-45A5-83F0-39682D8BE0A3}.Debug|x86.Build.0 = Debug|Win32
		{DA38CA23-7055-45A5-83F0-39682D8BE0A3}.Release|x64.ActiveCfg = Release|x64
		{DA38CA23-7055-45A5-83F0-39682D8BE0A3}.Release|x64.Build.0 = Release|x64
		{DA38CA23-7055-45A5-83F0-39682D8BE0A3}.Release|x86.ActiveCfg = Release|Win32
		{DA38CA23-7055-45A5-83F0-39682D8BE0A3}.Release|x86.Build.0 = Release|Win32
		{8A2A36D7-55F9-4E53-A6F4-FF513617143E}.Debug|x64.ActiveCfg = Debug|x64
		{8A2A36D7-55F9-4E53-A6F4-FF513617143E}.Debug|x64.Build.0 = Debug|x64
		{8A2A36D7-55F9-4E53-A6F4-FF513617143E}.Debug|x86.ActiveCfg = Debug|Win32
		{8A2A36D7-55F9-4E53-A6F4-FF513617143E}.Debug|x86.Build.0 = Debug|Win32
		{8A2A36D7-55F9-4E53-A6F4-FF513617143E}.Release|x64.ActiveCfg = Release|x64
		{8A2A36D7-55F9-4E53-A6F4-FF513617143E}.Release|x64.Build.0 = Release|x64
		{8A2A36D7-55F9-4E53-A6F4-FF513617143E}.Release|x86.ActiveCfg = Release|Win32
		{8A2A36D7-55F9-4E53-A6F4-FF513617143E}.Release|x86.Build.0 = Release|Win32
		{0BE56F0A-F81F-43EB-861B-F5ECFC1F92E9}.Debug|x64.ActiveCfg = Debug|x64
		{0BE56F0A-F81F-43EB-861B-F5ECFC1F92E9}.Debug|x64.Build.0 = Debug|x64
		{0BE56F0A-F81F-43EB-861B-F5ECFC1F92E9}.Debug|x86.ActiveCfg = Debug|Win32
		{0BE56F0A-F81F-43EB-861B-F5ECFC1F92E9}.Debug|x86.Build.0 = Debug|Win32
		{0BE56F0A-F81F-43EB-861B-F5ECFC1F92E9}.Release|x64.ActiveCfg = Release|x64
		{0BE56F0A-F81F-43EB-861B-F5ECFC1F92E9}.Release|x64.Build.0 = Release|x64
		{0BE56F0A-F81F-43EB-861B-F5ECFC1F92E9}.Release|x86.ActiveCfg = Release|Win32
		{0BE56F0A-F81F-43EB-861B-F5ECFC1F92E9}.Release|x86.Build.0 = Release|Win32
	EndGlobalSection
	GlobalSection(SolutionProperties) = preSolution
		HideSolutionNode = FALSE
	EndGlobalSection
EndGlobal
